{
    "name": "cduyzh-mpvue",
    "version": "1.0.0",
    "lockfileVersion": 1,
    "requires": true,
    "dependencies": {
        "mpvue-router-patch": {
            "version": "0.2.1",
            "resolved": "https://registry.npmjs.org/mpvue-router-patch/-/mpvue-router-patch-0.2.1.tgz",
            "integrity": "sha512-JUfStbJRPwIQA1YmyWu1ozkB7BoSjsK+zM5YGigkWsydVRmDZa1c5m0c4gG1LgPh7LoE+PUTop3oyxWyxEhhlg=="
        }
    }
}
